// !$*UTF8*$!
{
	archiveVersion = 1;
	classes = {
	};
	objectVersion = 46;
	objects = {

/* Begin PBXBuildFile section */
		1814C2CE1F3792C40061C52C /* UserFactory.swift in Sources */ = {isa = PBXBuildFile; fileRef = 1814C2CD1F3792C40061C52C /* UserFactory.swift */; };
		1814C2CF1F3792C60061C52C /* UserFactory.swift in Sources */ = {isa = PBXBuildFile; fileRef = 1814C2CD1F3792C40061C52C /* UserFactory.swift */; };
		1814C2D41F3794D20061C52C /* MockUserFactory.swift in Sources */ = {isa = PBXBuildFile; fileRef = 1814C2D31F3794D20061C52C /* MockUserFactory.swift */; };
		1814C2D61F3794E50061C52C /* UserFactoryTests.swift in Sources */ = {isa = PBXBuildFile; fileRef = 1814C2D51F3794E50061C52C /* UserFactoryTests.swift */; };
		1814C2D91F3797BD0061C52C /* UserRetriever.swift in Sources */ = {isa = PBXBuildFile; fileRef = 1814C2D81F3797BD0061C52C /* UserRetriever.swift */; };
		1814C2DA1F3797BD0061C52C /* UserRetriever.swift in Sources */ = {isa = PBXBuildFile; fileRef = 1814C2D81F3797BD0061C52C /* UserRetriever.swift */; };
		1814C2E01F379A230061C52C /* MockUserRetriever.swift in Sources */ = {isa = PBXBuildFile; fileRef = 1814C2DF1F379A230061C52C /* MockUserRetriever.swift */; };
		1814C2E21F379D170061C52C /* UserRetrieverTests.swift in Sources */ = {isa = PBXBuildFile; fileRef = 1814C2E11F379D170061C52C /* UserRetrieverTests.swift */; };
		189BB1FF1F36C08500074D14 /* AppDelegate.swift in Sources */ = {isa = PBXBuildFile; fileRef = 189BB1FE1F36C08500074D14 /* AppDelegate.swift */; };
		189BB2041F36C08500074D14 /* Main.storyboard in Resources */ = {isa = PBXBuildFile; fileRef = 189BB2021F36C08500074D14 /* Main.storyboard */; };
		189BB2061F36C08500074D14 /* Assets.xcassets in Resources */ = {isa = PBXBuildFile; fileRef = 189BB2051F36C08500074D14 /* Assets.xcassets */; };
		189BB2091F36C08500074D14 /* LaunchScreen.storyboard in Resources */ = {isa = PBXBuildFile; fileRef = 189BB2071F36C08500074D14 /* LaunchScreen.storyboard */; };
		189BB21F1F36C08500074D14 /* myChatUITests.swift in Sources */ = {isa = PBXBuildFile; fileRef = 189BB21E1F36C08500074D14 /* myChatUITests.swift */; };
		18BDBD211F378C5C0041BCB1 /* User.swift in Sources */ = {isa = PBXBuildFile; fileRef = 18BDBD201F378C5C0041BCB1 /* User.swift */; };
		18BDBD241F378C790041BCB1 /* MockUser.swift in Sources */ = {isa = PBXBuildFile; fileRef = 18BDBD231F378C790041BCB1 /* MockUser.swift */; };
		18BDBD251F378C860041BCB1 /* User.swift in Sources */ = {isa = PBXBuildFile; fileRef = 18BDBD201F378C5C0041BCB1 /* User.swift */; };
		18E2D1811F36C3E300594D2A /* MainAssembly.swift in Sources */ = {isa = PBXBuildFile; fileRef = 18E2D1801F36C3E300594D2A /* MainAssembly.swift */; };
		18E2D1841F36C3ED00594D2A /* AlamofireWrapper.swift in Sources */ = {isa = PBXBuildFile; fileRef = 18E2D1821F36C3ED00594D2A /* AlamofireWrapper.swift */; };
		18E2D1851F36C3ED00594D2A /* APIClient.swift in Sources */ = {isa = PBXBuildFile; fileRef = 18E2D1831F36C3ED00594D2A /* APIClient.swift */; };
		18E2D1881F36C3F900594D2A /* MockAlamofireWrapper.swift in Sources */ = {isa = PBXBuildFile; fileRef = 18E2D1861F36C3F900594D2A /* MockAlamofireWrapper.swift */; };
		18E2D1891F36C3F900594D2A /* MockAPIClient.swift in Sources */ = {isa = PBXBuildFile; fileRef = 18E2D1871F36C3F900594D2A /* MockAPIClient.swift */; };
		18E2D18A1F36C40400594D2A /* APIClient.swift in Sources */ = {isa = PBXBuildFile; fileRef = 18E2D1831F36C3ED00594D2A /* APIClient.swift */; };
		18E2D18B1F36C40700594D2A /* AlamofireWrapper.swift in Sources */ = {isa = PBXBuildFile; fileRef = 18E2D1821F36C3ED00594D2A /* AlamofireWrapper.swift */; };
		18FCC7C21F36C5B800CB71A5 /* ViewController.swift in Sources */ = {isa = PBXBuildFile; fileRef = 18FCC7C11F36C5B800CB71A5 /* ViewController.swift */; };
		18FCC7C41F36C6C600CB71A5 /* ViewModel.swift in Sources */ = {isa = PBXBuildFile; fileRef = 18FCC7C31F36C6C600CB71A5 /* ViewModel.swift */; };
		18FCC7C51F36C6C600CB71A5 /* ViewModel.swift in Sources */ = {isa = PBXBuildFile; fileRef = 18FCC7C31F36C6C600CB71A5 /* ViewModel.swift */; };
		620F91B5C3C193F98A191E53 /* Pods_myChat.framework in Frameworks */ = {isa = PBXBuildFile; fileRef = B3E998F6DE4835841EDB1AF8 /* Pods_myChat.framework */; };
		EF98DE1D914C46D6AF335BB0 /* Pods_myChatTests.framework in Frameworks */ = {isa = PBXBuildFile; fileRef = 7825D835CE5B20CB1EEE873E /* Pods_myChatTests.framework */; };
/* End PBXBuildFile section */

/* Begin PBXContainerItemProxy section */
		189BB2101F36C08500074D14 /* PBXContainerItemProxy */ = {
			isa = PBXContainerItemProxy;
			containerPortal = 189BB1F31F36C08500074D14 /* Project object */;
			proxyType = 1;
			remoteGlobalIDString = 189BB1FA1F36C08500074D14;
			remoteInfo = myChat;
		};
		189BB21B1F36C08500074D14 /* PBXContainerItemProxy */ = {
			isa = PBXContainerItemProxy;
			containerPortal = 189BB1F31F36C08500074D14 /* Project object */;
			proxyType = 1;
			remoteGlobalIDString = 189BB1FA1F36C08500074D14;
			remoteInfo = myChat;
		};
/* End PBXContainerItemProxy section */

/* Begin PBXFileReference section */
		1814C2CD1F3792C40061C52C /* UserFactory.swift */ = {isa = PBXFileReference; fileEncoding = 4; lastKnownFileType = sourcecode.swift; name = UserFactory.swift; path = Services/Factories/UserFactory.swift; sourceTree = "<group>"; };
		1814C2D31F3794D20061C52C /* MockUserFactory.swift */ = {isa = PBXFileReference; fileEncoding = 4; lastKnownFileType = sourcecode.swift; name = MockUserFactory.swift; path = Services/Factories/MockUserFactory.swift; sourceTree = "<group>"; };
		1814C2D51F3794E50061C52C /* UserFactoryTests.swift */ = {isa = PBXFileReference; fileEncoding = 4; lastKnownFileType = sourcecode.swift; name = UserFactoryTests.swift; path = Services/Factories/UserFactoryTests.swift; sourceTree = "<group>"; };
		1814C2D81F3797BD0061C52C /* UserRetriever.swift */ = {isa = PBXFileReference; fileEncoding = 4; lastKnownFileType = sourcecode.swift; name = UserRetriever.swift; path = Services/Session/UserRetriever.swift; sourceTree = "<group>"; };
		1814C2DF1F379A230061C52C /* MockUserRetriever.swift */ = {isa = PBXFileReference; fileEncoding = 4; lastKnownFileType = sourcecode.swift; name = MockUserRetriever.swift; path = Services/Session/MockUserRetriever.swift; sourceTree = "<group>"; };
		1814C2E11F379D170061C52C /* UserRetrieverTests.swift */ = {isa = PBXFileReference; fileEncoding = 4; lastKnownFileType = sourcecode.swift; name = UserRetrieverTests.swift; path = Services/Session/UserRetrieverTests.swift; sourceTree = "<group>"; };
		189BB1FB1F36C08500074D14 /* myChat.app */ = {isa = PBXFileReference; explicitFileType = wrapper.application; includeInIndex = 0; path = myChat.app; sourceTree = BUILT_PRODUCTS_DIR; };
		189BB1FE1F36C08500074D14 /* AppDelegate.swift */ = {isa = PBXFileReference; lastKnownFileType = sourcecode.swift; path = AppDelegate.swift; sourceTree = "<group>"; };
		189BB2031F36C08500074D14 /* Base */ = {isa = PBXFileReference; lastKnownFileType = file.storyboard; name = Base; path = Base.lproj/Main.storyboard; sourceTree = "<group>"; };
		189BB2051F36C08500074D14 /* Assets.xcassets */ = {isa = PBXFileReference; lastKnownFileType = folder.assetcatalog; path = Assets.xcassets; sourceTree = "<group>"; };
		189BB2081F36C08500074D14 /* Base */ = {isa = PBXFileReference; lastKnownFileType = file.storyboard; name = Base; path = Base.lproj/LaunchScreen.storyboard; sourceTree = "<group>"; };
		189BB20A1F36C08500074D14 /* Info.plist */ = {isa = PBXFileReference; lastKnownFileType = text.plist.xml; path = Info.plist; sourceTree = "<group>"; };
		189BB20F1F36C08500074D14 /* myChatTests.xctest */ = {isa = PBXFileReference; explicitFileType = wrapper.cfbundle; includeInIndex = 0; path = myChatTests.xctest; sourceTree = BUILT_PRODUCTS_DIR; };
		189BB2151F36C08500074D14 /* Info.plist */ = {isa = PBXFileReference; lastKnownFileType = text.plist.xml; path = Info.plist; sourceTree = "<group>"; };
		189BB21A1F36C08500074D14 /* myChatUITests.xctest */ = {isa = PBXFileReference; explicitFileType = wrapper.cfbundle; includeInIndex = 0; path = myChatUITests.xctest; sourceTree = BUILT_PRODUCTS_DIR; };
		189BB21E1F36C08500074D14 /* myChatUITests.swift */ = {isa = PBXFileReference; lastKnownFileType = sourcecode.swift; path = myChatUITests.swift; sourceTree = "<group>"; };
		189BB2201F36C08500074D14 /* Info.plist */ = {isa = PBXFileReference; lastKnownFileType = text.plist.xml; path = Info.plist; sourceTree = "<group>"; };
		18BDBD201F378C5C0041BCB1 /* User.swift */ = {isa = PBXFileReference; fileEncoding = 4; lastKnownFileType = sourcecode.swift; name = User.swift; path = Models/User.swift; sourceTree = "<group>"; };
		18BDBD231F378C790041BCB1 /* MockUser.swift */ = {isa = PBXFileReference; fileEncoding = 4; lastKnownFileType = sourcecode.swift; name = MockUser.swift; path = Models/MockUser.swift; sourceTree = "<group>"; };
		18E2D1801F36C3E300594D2A /* MainAssembly.swift */ = {isa = PBXFileReference; fileEncoding = 4; lastKnownFileType = sourcecode.swift; name = MainAssembly.swift; path = Services/DIAssemblies/MainAssembly.swift; sourceTree = "<group>"; };
		18E2D1821F36C3ED00594D2A /* AlamofireWrapper.swift */ = {isa = PBXFileReference; fileEncoding = 4; lastKnownFileType = sourcecode.swift; name = AlamofireWrapper.swift; path = Services/Networking/AlamofireWrapper.swift; sourceTree = "<group>"; };
		18E2D1831F36C3ED00594D2A /* APIClient.swift */ = {isa = PBXFileReference; fileEncoding = 4; lastKnownFileType = sourcecode.swift; name = APIClient.swift; path = Services/Networking/APIClient.swift; sourceTree = "<group>"; };
		18E2D1861F36C3F900594D2A /* MockAlamofireWrapper.swift */ = {isa = PBXFileReference; fileEncoding = 4; lastKnownFileType = sourcecode.swift; name = MockAlamofireWrapper.swift; path = Services/Networking/MockAlamofireWrapper.swift; sourceTree = "<group>"; };
		18E2D1871F36C3F900594D2A /* MockAPIClient.swift */ = {isa = PBXFileReference; fileEncoding = 4; lastKnownFileType = sourcecode.swift; name = MockAPIClient.swift; path = Services/Networking/MockAPIClient.swift; sourceTree = "<group>"; };
		18FCC7C11F36C5B800CB71A5 /* ViewController.swift */ = {isa = PBXFileReference; fileEncoding = 4; lastKnownFileType = sourcecode.swift; name = ViewController.swift; path = ViewControllers/ViewController.swift; sourceTree = "<group>"; };
		18FCC7C31F36C6C600CB71A5 /* ViewModel.swift */ = {isa = PBXFileReference; fileEncoding = 4; lastKnownFileType = sourcecode.swift; name = ViewModel.swift; path = ViewModels/ViewModel.swift; sourceTree = "<group>"; };
		3D7BA0651FA55E72C1CFE2E8 /* Pods-myChat.release.xcconfig */ = {isa = PBXFileReference; includeInIndex = 1; lastKnownFileType = text.xcconfig; name = "Pods-myChat.release.xcconfig"; path = "Pods/Target Support Files/Pods-myChat/Pods-myChat.release.xcconfig"; sourceTree = "<group>"; };
		7825D835CE5B20CB1EEE873E /* Pods_myChatTests.framework */ = {isa = PBXFileReference; explicitFileType = wrapper.framework; includeInIndex = 0; path = Pods_myChatTests.framework; sourceTree = BUILT_PRODUCTS_DIR; };
		9A6ECD496C079B656D2FB109 /* Pods-myChatTests.debug.xcconfig */ = {isa = PBXFileReference; includeInIndex = 1; lastKnownFileType = text.xcconfig; name = "Pods-myChatTests.debug.xcconfig"; path = "Pods/Target Support Files/Pods-myChatTests/Pods-myChatTests.debug.xcconfig"; sourceTree = "<group>"; };
		9C11A49D08EA5626EB486316 /* Pods-myChatTests.release.xcconfig */ = {isa = PBXFileReference; includeInIndex = 1; lastKnownFileType = text.xcconfig; name = "Pods-myChatTests.release.xcconfig"; path = "Pods/Target Support Files/Pods-myChatTests/Pods-myChatTests.release.xcconfig"; sourceTree = "<group>"; };
		B3E998F6DE4835841EDB1AF8 /* Pods_myChat.framework */ = {isa = PBXFileReference; explicitFileType = wrapper.framework; includeInIndex = 0; path = Pods_myChat.framework; sourceTree = BUILT_PRODUCTS_DIR; };
		D6E8BD10D96D6C0AE73581DB /* Pods-myChat.debug.xcconfig */ = {isa = PBXFileReference; includeInIndex = 1; lastKnownFileType = text.xcconfig; name = "Pods-myChat.debug.xcconfig"; path = "Pods/Target Support Files/Pods-myChat/Pods-myChat.debug.xcconfig"; sourceTree = "<group>"; };
/* End PBXFileReference section */

/* Begin PBXFrameworksBuildPhase section */
		189BB1F81F36C08500074D14 /* Frameworks */ = {
			isa = PBXFrameworksBuildPhase;
			buildActionMask = 2147483647;
			files = (
				620F91B5C3C193F98A191E53 /* Pods_myChat.framework in Frameworks */,
			);
			runOnlyForDeploymentPostprocessing = 0;
		};
		189BB20C1F36C08500074D14 /* Frameworks */ = {
			isa = PBXFrameworksBuildPhase;
			buildActionMask = 2147483647;
			files = (
				EF98DE1D914C46D6AF335BB0 /* Pods_myChatTests.framework in Frameworks */,
			);
			runOnlyForDeploymentPostprocessing = 0;
		};
		189BB2171F36C08500074D14 /* Frameworks */ = {
			isa = PBXFrameworksBuildPhase;
			buildActionMask = 2147483647;
			files = (
			);
			runOnlyForDeploymentPostprocessing = 0;
		};
/* End PBXFrameworksBuildPhase section */

/* Begin PBXGroup section */
		1814C2CC1F37929E0061C52C /* Factories */ = {
			isa = PBXGroup;
			children = (
				1814C2CD1F3792C40061C52C /* UserFactory.swift */,
			);
			name = Factories;
			sourceTree = "<group>";
		};
		1814C2D01F3792E20061C52C /* Factories */ = {
			isa = PBXGroup;
			children = (
				1814C2D51F3794E50061C52C /* UserFactoryTests.swift */,
				1814C2D31F3794D20061C52C /* MockUserFactory.swift */,
			);
			name = Factories;
			sourceTree = "<group>";
		};
		1814C2D71F3797800061C52C /* Session */ = {
			isa = PBXGroup;
			children = (
				1814C2D81F3797BD0061C52C /* UserRetriever.swift */,
			);
			name = Session;
			sourceTree = "<group>";
		};
		1814C2DB1F3799C90061C52C /* Session */ = {
			isa = PBXGroup;
			children = (
				1814C2E11F379D170061C52C /* UserRetrieverTests.swift */,
				1814C2DF1F379A230061C52C /* MockUserRetriever.swift */,
			);
			name = Session;
			sourceTree = "<group>";
		};
		189BB1F21F36C08500074D14 = {
			isa = PBXGroup;
			children = (
				189BB1FD1F36C08500074D14 /* myChat */,
				189BB2121F36C08500074D14 /* myChatTests */,
				189BB21D1F36C08500074D14 /* myChatUITests */,
				189BB1FC1F36C08500074D14 /* Products */,
				3439E3B76B17EB97F259E8E3 /* Pods */,
				4D850893F882068F559D1210 /* Frameworks */,
			);
			sourceTree = "<group>";
		};
		189BB1FC1F36C08500074D14 /* Products */ = {
			isa = PBXGroup;
			children = (
				189BB1FB1F36C08500074D14 /* myChat.app */,
				189BB20F1F36C08500074D14 /* myChatTests.xctest */,
				189BB21A1F36C08500074D14 /* myChatUITests.xctest */,
			);
			name = Products;
			sourceTree = "<group>";
		};
		189BB1FD1F36C08500074D14 /* myChat */ = {
			isa = PBXGroup;
			children = (
				189BB1FE1F36C08500074D14 /* AppDelegate.swift */,
				189BB2051F36C08500074D14 /* Assets.xcassets */,
				189BB20A1F36C08500074D14 /* Info.plist */,
				18BDBD1F1F378C4B0041BCB1 /* Models */,
				18FCC7C01F36C4DC00CB71A5 /* Storyboards */,
				18E2D17E1F36C35100594D2A /* Services */,
				18FCC7BE1F36C4B200CB71A5 /* ViewModels */,
				18FCC7BF1F36C4BF00CB71A5 /* ViewControllers */,
			);
			path = myChat;
			sourceTree = "<group>";
		};
		189BB2121F36C08500074D14 /* myChatTests */ = {
			isa = PBXGroup;
			children = (
				18BDBD221F378C630041BCB1 /* Models */,
				18E2D17F1F36C37000594D2A /* Services */,
				189BB2151F36C08500074D14 /* Info.plist */,
			);
			path = myChatTests;
			sourceTree = "<group>";
		};
		189BB21D1F36C08500074D14 /* myChatUITests */ = {
			isa = PBXGroup;
			children = (
				189BB21E1F36C08500074D14 /* myChatUITests.swift */,
				189BB2201F36C08500074D14 /* Info.plist */,
			);
			path = myChatUITests;
			sourceTree = "<group>";
		};
		18BDBD1F1F378C4B0041BCB1 /* Models */ = {
			isa = PBXGroup;
			children = (
				18BDBD201F378C5C0041BCB1 /* User.swift */,
			);
			name = Models;
			sourceTree = "<group>";
		};
		18BDBD221F378C630041BCB1 /* Models */ = {
			isa = PBXGroup;
			children = (
				18BDBD231F378C790041BCB1 /* MockUser.swift */,
			);
			name = Models;
			sourceTree = "<group>";
		};
		18E2D16E1F36C20400594D2A /* Networking */ = {
			isa = PBXGroup;
			children = (
				18E2D1821F36C3ED00594D2A /* AlamofireWrapper.swift */,
				18E2D1831F36C3ED00594D2A /* APIClient.swift */,
			);
			name = Networking;
			sourceTree = "<group>";
		};
		18E2D16F1F36C21F00594D2A /* DIAssemblies */ = {
			isa = PBXGroup;
			children = (
				18E2D1801F36C3E300594D2A /* MainAssembly.swift */,
			);
			name = DIAssemblies;
			sourceTree = "<group>";
		};
		18E2D1761F36C24A00594D2A /* Networking */ = {
			isa = PBXGroup;
			children = (
				18E2D1861F36C3F900594D2A /* MockAlamofireWrapper.swift */,
				18E2D1871F36C3F900594D2A /* MockAPIClient.swift */,
			);
			name = Networking;
			sourceTree = "<group>";
		};
		18E2D17E1F36C35100594D2A /* Services */ = {
			isa = PBXGroup;
			children = (
				18E2D16F1F36C21F00594D2A /* DIAssemblies */,
				1814C2CC1F37929E0061C52C /* Factories */,
				18E2D16E1F36C20400594D2A /* Networking */,
				1814C2D71F3797800061C52C /* Session */,
			);
			name = Services;
			sourceTree = "<group>";
		};
		18E2D17F1F36C37000594D2A /* Services */ = {
			isa = PBXGroup;
			children = (
				1814C2D01F3792E20061C52C /* Factories */,
				18E2D1761F36C24A00594D2A /* Networking */,
				1814C2DB1F3799C90061C52C /* Session */,
			);
			name = Services;
			sourceTree = "<group>";
		};
		18FCC7BE1F36C4B200CB71A5 /* ViewModels */ = {
			isa = PBXGroup;
			children = (
				18FCC7C31F36C6C600CB71A5 /* ViewModel.swift */,
			);
			name = ViewModels;
			sourceTree = "<group>";
		};
		18FCC7BF1F36C4BF00CB71A5 /* ViewControllers */ = {
			isa = PBXGroup;
			children = (
				18FCC7C11F36C5B800CB71A5 /* ViewController.swift */,
			);
			name = ViewControllers;
			sourceTree = "<group>";
		};
		18FCC7C01F36C4DC00CB71A5 /* Storyboards */ = {
			isa = PBXGroup;
			children = (
				189BB2021F36C08500074D14 /* Main.storyboard */,
				189BB2071F36C08500074D14 /* LaunchScreen.storyboard */,
			);
			name = Storyboards;
			sourceTree = "<group>";
		};
		3439E3B76B17EB97F259E8E3 /* Pods */ = {
			isa = PBXGroup;
			children = (
				D6E8BD10D96D6C0AE73581DB /* Pods-myChat.debug.xcconfig */,
				3D7BA0651FA55E72C1CFE2E8 /* Pods-myChat.release.xcconfig */,
				9A6ECD496C079B656D2FB109 /* Pods-myChatTests.debug.xcconfig */,
				9C11A49D08EA5626EB486316 /* Pods-myChatTests.release.xcconfig */,
			);
			name = Pods;
			sourceTree = "<group>";
		};
		4D850893F882068F559D1210 /* Frameworks */ = {
			isa = PBXGroup;
			children = (
				B3E998F6DE4835841EDB1AF8 /* Pods_myChat.framework */,
				7825D835CE5B20CB1EEE873E /* Pods_myChatTests.framework */,
			);
			name = Frameworks;
			sourceTree = "<group>";
		};
/* End PBXGroup section */

/* Begin PBXNativeTarget section */
		189BB1FA1F36C08500074D14 /* myChat */ = {
			isa = PBXNativeTarget;
			buildConfigurationList = 189BB2231F36C08500074D14 /* Build configuration list for PBXNativeTarget "myChat" */;
			buildPhases = (
				FD4B2D31D8CF4283B1F631D7 /* [CP] Check Pods Manifest.lock */,
				189BB1F71F36C08500074D14 /* Sources */,
				189BB1F81F36C08500074D14 /* Frameworks */,
				189BB1F91F36C08500074D14 /* Resources */,
				21D1F2382F0D8242CB9B6758 /* [CP] Embed Pods Frameworks */,
				525DCAAE1AC10EC4C0F40714 /* [CP] Copy Pods Resources */,
			);
			buildRules = (
			);
			dependencies = (
			);
			name = myChat;
			productName = myChat;
			productReference = 189BB1FB1F36C08500074D14 /* myChat.app */;
			productType = "com.apple.product-type.application";
		};
		189BB20E1F36C08500074D14 /* myChatTests */ = {
			isa = PBXNativeTarget;
			buildConfigurationList = 189BB2261F36C08500074D14 /* Build configuration list for PBXNativeTarget "myChatTests" */;
			buildPhases = (
				0ABB6AA9E8D50492CE50A32D /* [CP] Check Pods Manifest.lock */,
				189BB20B1F36C08500074D14 /* Sources */,
				189BB20C1F36C08500074D14 /* Frameworks */,
				189BB20D1F36C08500074D14 /* Resources */,
				6F79871F4E891EF4747B2609 /* [CP] Embed Pods Frameworks */,
				C8951D694795D9B85A59C5EB /* [CP] Copy Pods Resources */,
			);
			buildRules = (
			);
			dependencies = (
				189BB2111F36C08500074D14 /* PBXTargetDependency */,
			);
			name = myChatTests;
			productName = myChatTests;
			productReference = 189BB20F1F36C08500074D14 /* myChatTests.xctest */;
			productType = "com.apple.product-type.bundle.unit-test";
		};
		189BB2191F36C08500074D14 /* myChatUITests */ = {
			isa = PBXNativeTarget;
			buildConfigurationList = 189BB2291F36C08500074D14 /* Build configuration list for PBXNativeTarget "myChatUITests" */;
			buildPhases = (
				189BB2161F36C08500074D14 /* Sources */,
				189BB2171F36C08500074D14 /* Frameworks */,
				189BB2181F36C08500074D14 /* Resources */,
			);
			buildRules = (
			);
			dependencies = (
				189BB21C1F36C08500074D14 /* PBXTargetDependency */,
			);
			name = myChatUITests;
			productName = myChatUITests;
			productReference = 189BB21A1F36C08500074D14 /* myChatUITests.xctest */;
			productType = "com.apple.product-type.bundle.ui-testing";
		};
/* End PBXNativeTarget section */

/* Begin PBXProject section */
		189BB1F31F36C08500074D14 /* Project object */ = {
			isa = PBXProject;
			attributes = {
				LastSwiftUpdateCheck = 0830;
				LastUpgradeCheck = 0830;
				ORGANIZATIONNAME = "Lin David, US-20";
				TargetAttributes = {
					189BB1FA1F36C08500074D14 = {
						CreatedOnToolsVersion = 8.3.3;
						DevelopmentTeam = 4R5QVHEW22;
						ProvisioningStyle = Automatic;
					};
					189BB20E1F36C08500074D14 = {
						CreatedOnToolsVersion = 8.3.3;
						DevelopmentTeam = 4R5QVHEW22;
						ProvisioningStyle = Automatic;
						TestTargetID = 189BB1FA1F36C08500074D14;
					};
					189BB2191F36C08500074D14 = {
						CreatedOnToolsVersion = 8.3.3;
						DevelopmentTeam = 4R5QVHEW22;
						ProvisioningStyle = Automatic;
						TestTargetID = 189BB1FA1F36C08500074D14;
					};
				};
			};
			buildConfigurationList = 189BB1F61F36C08500074D14 /* Build configuration list for PBXProject "myChat" */;
			compatibilityVersion = "Xcode 3.2";
			developmentRegion = English;
			hasScannedForEncodings = 0;
			knownRegions = (
				en,
				Base,
			);
			mainGroup = 189BB1F21F36C08500074D14;
			productRefGroup = 189BB1FC1F36C08500074D14 /* Products */;
			projectDirPath = "";
			projectRoot = "";
			targets = (
				189BB1FA1F36C08500074D14 /* myChat */,
				189BB20E1F36C08500074D14 /* myChatTests */,
				189BB2191F36C08500074D14 /* myChatUITests */,
			);
		};
/* End PBXProject section */

/* Begin PBXResourcesBuildPhase section */
		189BB1F91F36C08500074D14 /* Resources */ = {
			isa = PBXResourcesBuildPhase;
			buildActionMask = 2147483647;
			files = (
				189BB2091F36C08500074D14 /* LaunchScreen.storyboard in Resources */,
				189BB2061F36C08500074D14 /* Assets.xcassets in Resources */,
				189BB2041F36C08500074D14 /* Main.storyboard in Resources */,
			);
			runOnlyForDeploymentPostprocessing = 0;
		};
		189BB20D1F36C08500074D14 /* Resources */ = {
			isa = PBXResourcesBuildPhase;
			buildActionMask = 2147483647;
			files = (
			);
			runOnlyForDeploymentPostprocessing = 0;
		};
		189BB2181F36C08500074D14 /* Resources */ = {
			isa = PBXResourcesBuildPhase;
			buildActionMask = 2147483647;
			files = (
			);
			runOnlyForDeploymentPostprocessing = 0;
		};
/* End PBXResourcesBuildPhase section */

/* Begin PBXShellScriptBuildPhase section */
		0ABB6AA9E8D50492CE50A32D /* [CP] Check Pods Manifest.lock */ = {
			isa = PBXShellScriptBuildPhase;
			buildActionMask = 2147483647;
			files = (
			);
			inputPaths = (
				"${PODS_PODFILE_DIR_PATH}/Podfile.lock",
				"${PODS_ROOT}/Manifest.lock",
			);
			name = "[CP] Check Pods Manifest.lock";
			outputPaths = (
				"$(DERIVED_FILE_DIR)/Pods-myChatTests-checkManifestLockResult.txt",
			);
			runOnlyForDeploymentPostprocessing = 0;
			shellPath = /bin/sh;
			shellScript = "diff \"${PODS_PODFILE_DIR_PATH}/Podfile.lock\" \"${PODS_ROOT}/Manifest.lock\" > /dev/null\nif [ $? != 0 ] ; then\n    # print error to STDERR\n    echo \"error: The sandbox is not in sync with the Podfile.lock. Run 'pod install' or update your CocoaPods installation.\" >&2\n    exit 1\nfi\n# This output is used by Xcode 'outputs' to avoid re-running this script phase.\necho \"SUCCESS\" > \"${SCRIPT_OUTPUT_FILE_0}\"\n";
			showEnvVarsInLog = 0;
		};
		21D1F2382F0D8242CB9B6758 /* [CP] Embed Pods Frameworks */ = {
			isa = PBXShellScriptBuildPhase;
			buildActionMask = 2147483647;
			files = (
			);
			inputPaths = (
				"${SRCROOT}/Pods/Target Support Files/Pods-myChat/Pods-myChat-frameworks.sh",
				"${BUILT_PRODUCTS_DIR}/Alamofire/Alamofire.framework",
				"${BUILT_PRODUCTS_DIR}/RxCocoa/RxCocoa.framework",
				"${BUILT_PRODUCTS_DIR}/RxSwift/RxSwift.framework",
				"${BUILT_PRODUCTS_DIR}/Swinject/Swinject.framework",
				"${BUILT_PRODUCTS_DIR}/SwinjectStoryboard/SwinjectStoryboard.framework",
			);
			name = "[CP] Embed Pods Frameworks";
			outputPaths = (
				"${TARGET_BUILD_DIR}/${FRAMEWORKS_FOLDER_PATH}/Alamofire.framework",
				"${TARGET_BUILD_DIR}/${FRAMEWORKS_FOLDER_PATH}/RxCocoa.framework",
				"${TARGET_BUILD_DIR}/${FRAMEWORKS_FOLDER_PATH}/RxSwift.framework",
				"${TARGET_BUILD_DIR}/${FRAMEWORKS_FOLDER_PATH}/Swinject.framework",
				"${TARGET_BUILD_DIR}/${FRAMEWORKS_FOLDER_PATH}/SwinjectStoryboard.framework",
			);
			runOnlyForDeploymentPostprocessing = 0;
			shellPath = /bin/sh;
			shellScript = "\"${SRCROOT}/Pods/Target Support Files/Pods-myChat/Pods-myChat-frameworks.sh\"\n";
			showEnvVarsInLog = 0;
		};
		525DCAAE1AC10EC4C0F40714 /* [CP] Copy Pods Resources */ = {
			isa = PBXShellScriptBuildPhase;
			buildActionMask = 2147483647;
			files = (
			);
			inputPaths = (
			);
			name = "[CP] Copy Pods Resources";
			outputPaths = (
			);
			runOnlyForDeploymentPostprocessing = 0;
			shellPath = /bin/sh;
			shellScript = "\"${SRCROOT}/Pods/Target Support Files/Pods-myChat/Pods-myChat-resources.sh\"\n";
			showEnvVarsInLog = 0;
		};
		6F79871F4E891EF4747B2609 /* [CP] Embed Pods Frameworks */ = {
			isa = PBXShellScriptBuildPhase;
			buildActionMask = 2147483647;
			files = (
			);
			inputPaths = (
				"${SRCROOT}/Pods/Target Support Files/Pods-myChatTests/Pods-myChatTests-frameworks.sh",
				"${BUILT_PRODUCTS_DIR}/Alamofire/Alamofire.framework",
				"${BUILT_PRODUCTS_DIR}/RxSwift/RxSwift.framework",
				"${BUILT_PRODUCTS_DIR}/RxTest/RxTest.framework",
			);
			name = "[CP] Embed Pods Frameworks";
			outputPaths = (
				"${TARGET_BUILD_DIR}/${FRAMEWORKS_FOLDER_PATH}/Alamofire.framework",
				"${TARGET_BUILD_DIR}/${FRAMEWORKS_FOLDER_PATH}/RxSwift.framework",
				"${TARGET_BUILD_DIR}/${FRAMEWORKS_FOLDER_PATH}/RxTest.framework",
			);
			runOnlyForDeploymentPostprocessing = 0;
			shellPath = /bin/sh;
			shellScript = "\"${SRCROOT}/Pods/Target Support Files/Pods-myChatTests/Pods-myChatTests-frameworks.sh\"\n";
			showEnvVarsInLog = 0;
		};
		C8951D694795D9B85A59C5EB /* [CP] Copy Pods Resources */ = {
			isa = PBXShellScriptBuildPhase;
			buildActionMask = 2147483647;
			files = (
			);
			inputPaths = (
			);
			name = "[CP] Copy Pods Resources";
			outputPaths = (
			);
			runOnlyForDeploymentPostprocessing = 0;
			shellPath = /bin/sh;
			shellScript = "\"${SRCROOT}/Pods/Target Support Files/Pods-myChatTests/Pods-myChatTests-resources.sh\"\n";
			showEnvVarsInLog = 0;
		};
		FD4B2D31D8CF4283B1F631D7 /* [CP] Check Pods Manifest.lock */ = {
			isa = PBXShellScriptBuildPhase;
			buildActionMask = 2147483647;
			files = (
			);
			inputPaths = (
				"${PODS_PODFILE_DIR_PATH}/Podfile.lock",
				"${PODS_ROOT}/Manifest.lock",
			);
			name = "[CP] Check Pods Manifest.lock";
			outputPaths = (
				"$(DERIVED_FILE_DIR)/Pods-myChat-checkManifestLockResult.txt",
			);
			runOnlyForDeploymentPostprocessing = 0;
			shellPath = /bin/sh;
			shellScript = "diff \"${PODS_PODFILE_DIR_PATH}/Podfile.lock\" \"${PODS_ROOT}/Manifest.lock\" > /dev/null\nif [ $? != 0 ] ; then\n    # print error to STDERR\n    echo \"error: The sandbox is not in sync with the Podfile.lock. Run 'pod install' or update your CocoaPods installation.\" >&2\n    exit 1\nfi\n# This output is used by Xcode 'outputs' to avoid re-running this script phase.\necho \"SUCCESS\" > \"${SCRIPT_OUTPUT_FILE_0}\"\n";
			showEnvVarsInLog = 0;
		};
/* End PBXShellScriptBuildPhase section */

/* Begin PBXSourcesBuildPhase section */
		189BB1F71F36C08500074D14 /* Sources */ = {
			isa = PBXSourcesBuildPhase;
			buildActionMask = 2147483647;
			files = (
				18FCC7C21F36C5B800CB71A5 /* ViewController.swift in Sources */,
				18E2D1811F36C3E300594D2A /* MainAssembly.swift in Sources */,
				18E2D1841F36C3ED00594D2A /* AlamofireWrapper.swift in Sources */,
				1814C2CE1F3792C40061C52C /* UserFactory.swift in Sources */,
				18E2D1851F36C3ED00594D2A /* APIClient.swift in Sources */,
				18FCC7C41F36C6C600CB71A5 /* ViewModel.swift in Sources */,
				189BB1FF1F36C08500074D14 /* AppDelegate.swift in Sources */,
				1814C2D91F3797BD0061C52C /* UserRetriever.swift in Sources */,
				18BDBD211F378C5C0041BCB1 /* User.swift in Sources */,
			);
			runOnlyForDeploymentPostprocessing = 0;
		};
		189BB20B1F36C08500074D14 /* Sources */ = {
			isa = PBXSourcesBuildPhase;
			buildActionMask = 2147483647;
			files = (
				1814C2DA1F3797BD0061C52C /* UserRetriever.swift in Sources */,
				18FCC7C51F36C6C600CB71A5 /* ViewModel.swift in Sources */,
				1814C2E21F379D170061C52C /* UserRetrieverTests.swift in Sources */,
				18E2D1881F36C3F900594D2A /* MockAlamofireWrapper.swift in Sources */,
				18E2D18B1F36C40700594D2A /* AlamofireWrapper.swift in Sources */,
				1814C2CF1F3792C60061C52C /* UserFactory.swift in Sources */,
				18E2D1891F36C3F900594D2A /* MockAPIClient.swift in Sources */,
				18BDBD241F378C790041BCB1 /* MockUser.swift in Sources */,
				18E2D18A1F36C40400594D2A /* APIClient.swift in Sources */,
				1814C2D41F3794D20061C52C /* MockUserFactory.swift in Sources */,
				18BDBD251F378C860041BCB1 /* User.swift in Sources */,
				1814C2D61F3794E50061C52C /* UserFactoryTests.swift in Sources */,
				1814C2E01F379A230061C52C /* MockUserRetriever.swift in Sources */,
			);
			runOnlyForDeploymentPostprocessing = 0;
		};
		189BB2161F36C08500074D14 /* Sources */ = {
			isa = PBXSourcesBuildPhase;
			buildActionMask = 2147483647;
			files = (
				189BB21F1F36C08500074D14 /* myChatUITests.swift in Sources */,
			);
			runOnlyForDeploymentPostprocessing = 0;
		};
/* End PBXSourcesBuildPhase section */

/* Begin PBXTargetDependency section */
		189BB2111F36C08500074D14 /* PBXTargetDependency */ = {
			isa = PBXTargetDependency;
			target = 189BB1FA1F36C08500074D14 /* myChat */;
			targetProxy = 189BB2101F36C08500074D14 /* PBXContainerItemProxy */;
		};
		189BB21C1F36C08500074D14 /* PBXTargetDependency */ = {
			isa = PBXTargetDependency;
			target = 189BB1FA1F36C08500074D14 /* myChat */;
			targetProxy = 189BB21B1F36C08500074D14 /* PBXContainerItemProxy */;
		};
/* End PBXTargetDependency section */

/* Begin PBXVariantGroup section */
		189BB2021F36C08500074D14 /* Main.storyboard */ = {
			isa = PBXVariantGroup;
			children = (
				189BB2031F36C08500074D14 /* Base */,
			);
			name = Main.storyboard;
			sourceTree = "<group>";
		};
		189BB2071F36C08500074D14 /* LaunchScreen.storyboard */ = {
			isa = PBXVariantGroup;
			children = (
				189BB2081F36C08500074D14 /* Base */,
			);
			name = LaunchScreen.storyboard;
			sourceTree = "<group>";
		};
/* End PBXVariantGroup section */

/* Begin XCBuildConfiguration section */
		189BB2211F36C08500074D14 /* Debug */ = {
			isa = XCBuildConfiguration;
			buildSettings = {
				ALWAYS_SEARCH_USER_PATHS = NO;
				CLANG_ANALYZER_NONNULL = YES;
				CLANG_ANALYZER_NUMBER_OBJECT_CONVERSION = YES_AGGRESSIVE;
				CLANG_CXX_LANGUAGE_STANDARD = "gnu++0x";
				CLANG_CXX_LIBRARY = "libc++";
				CLANG_ENABLE_MODULES = YES;
				CLANG_ENABLE_OBJC_ARC = YES;
				CLANG_WARN_BOOL_CONVERSION = YES;
				CLANG_WARN_CONSTANT_CONVERSION = YES;
				CLANG_WARN_DIRECT_OBJC_ISA_USAGE = YES_ERROR;
				CLANG_WARN_DOCUMENTATION_COMMENTS = YES;
				CLANG_WARN_EMPTY_BODY = YES;
				CLANG_WARN_ENUM_CONVERSION = YES;
				CLANG_WARN_INFINITE_RECURSION = YES;
				CLANG_WARN_INT_CONVERSION = YES;
				CLANG_WARN_OBJC_ROOT_CLASS = YES_ERROR;
				CLANG_WARN_SUSPICIOUS_MOVE = YES;
				CLANG_WARN_UNREACHABLE_CODE = YES;
				CLANG_WARN__DUPLICATE_METHOD_MATCH = YES;
				"CODE_SIGN_IDENTITY[sdk=iphoneos*]" = "iPhone Developer";
				COPY_PHASE_STRIP = NO;
				DEBUG_INFORMATION_FORMAT = dwarf;
				ENABLE_STRICT_OBJC_MSGSEND = YES;
				ENABLE_TESTABILITY = YES;
				GCC_C_LANGUAGE_STANDARD = gnu99;
				GCC_DYNAMIC_NO_PIC = NO;
				GCC_NO_COMMON_BLOCKS = YES;
				GCC_OPTIMIZATION_LEVEL = 0;
				GCC_PREPROCESSOR_DEFINITIONS = (
					"DEBUG=1",
					"$(inherited)",
				);
				GCC_WARN_64_TO_32_BIT_CONVERSION = YES;
				GCC_WARN_ABOUT_RETURN_TYPE = YES_ERROR;
				GCC_WARN_UNDECLARED_SELECTOR = YES;
				GCC_WARN_UNINITIALIZED_AUTOS = YES_AGGRESSIVE;
				GCC_WARN_UNUSED_FUNCTION = YES;
				GCC_WARN_UNUSED_VARIABLE = YES;
				IPHONEOS_DEPLOYMENT_TARGET = 10.3;
				MTL_ENABLE_DEBUG_INFO = YES;
				ONLY_ACTIVE_ARCH = YES;
				SDKROOT = iphoneos;
				SWIFT_ACTIVE_COMPILATION_CONDITIONS = DEBUG;
				SWIFT_OPTIMIZATION_LEVEL = "-Onone";
				TARGETED_DEVICE_FAMILY = "1,2";
			};
			name = Debug;
		};
		189BB2221F36C08500074D14 /* Release */ = {
			isa = XCBuildConfiguration;
			buildSettings = {
				ALWAYS_SEARCH_USER_PATHS = NO;
				CLANG_ANALYZER_NONNULL = YES;
				CLANG_ANALYZER_NUMBER_OBJECT_CONVERSION = YES_AGGRESSIVE;
				CLANG_CXX_LANGUAGE_STANDARD = "gnu++0x";
				CLANG_CXX_LIBRARY = "libc++";
				CLANG_ENABLE_MODULES = YES;
				CLANG_ENABLE_OBJC_ARC = YES;
				CLANG_WARN_BOOL_CONVERSION = YES;
				CLANG_WARN_CONSTANT_CONVERSION = YES;
				CLANG_WARN_DIRECT_OBJC_ISA_USAGE = YES_ERROR;
				CLANG_WARN_DOCUMENTATION_COMMENTS = YES;
				CLANG_WARN_EMPTY_BODY = YES;
				CLANG_WARN_ENUM_CONVERSION = YES;
				CLANG_WARN_INFINITE_RECURSION = YES;
				CLANG_WARN_INT_CONVERSION = YES;
				CLANG_WARN_OBJC_ROOT_CLASS = YES_ERROR;
				CLANG_WARN_SUSPICIOUS_MOVE = YES;
				CLANG_WARN_UNREACHABLE_CODE = YES;
				CLANG_WARN__DUPLICATE_METHOD_MATCH = YES;
				"CODE_SIGN_IDENTITY[sdk=iphoneos*]" = "iPhone Developer";
				COPY_PHASE_STRIP = NO;
				DEBUG_INFORMATION_FORMAT = "dwarf-with-dsym";
				ENABLE_NS_ASSERTIONS = NO;
				ENABLE_STRICT_OBJC_MSGSEND = YES;
				GCC_C_LANGUAGE_STANDARD = gnu99;
				GCC_NO_COMMON_BLOCKS = YES;
				GCC_WARN_64_TO_32_BIT_CONVERSION = YES;
				GCC_WARN_ABOUT_RETURN_TYPE = YES_ERROR;
				GCC_WARN_UNDECLARED_SELECTOR = YES;
				GCC_WARN_UNINITIALIZED_AUTOS = YES_AGGRESSIVE;
				GCC_WARN_UNUSED_FUNCTION = YES;
				GCC_WARN_UNUSED_VARIABLE = YES;
				IPHONEOS_DEPLOYMENT_TARGET = 10.3;
				MTL_ENABLE_DEBUG_INFO = NO;
				SDKROOT = iphoneos;
				SWIFT_OPTIMIZATION_LEVEL = "-Owholemodule";
				TARGETED_DEVICE_FAMILY = "1,2";
				VALIDATE_PRODUCT = YES;
			};
			name = Release;
		};
		189BB2241F36C08500074D14 /* Debug */ = {
			isa = XCBuildConfiguration;
			baseConfigurationReference = D6E8BD10D96D6C0AE73581DB /* Pods-myChat.debug.xcconfig */;
			buildSettings = {
				ASSETCATALOG_COMPILER_APPICON_NAME = AppIcon;
				DEVELOPMENT_TEAM = 4R5QVHEW22;
				INFOPLIST_FILE = myChat/Info.plist;
				LD_RUNPATH_SEARCH_PATHS = "$(inherited) @executable_path/Frameworks";
				PRODUCT_BUNDLE_IDENTIFIER = lin.david.myChat;
				PRODUCT_NAME = "$(TARGET_NAME)";
				SWIFT_VERSION = 3.0;
			};
			name = Debug;
		};
		189BB2251F36C08500074D14 /* Release */ = {
			isa = XCBuildConfiguration;
			baseConfigurationReference = 3D7BA0651FA55E72C1CFE2E8 /* Pods-myChat.release.xcconfig */;
			buildSettings = {
				ASSETCATALOG_COMPILER_APPICON_NAME = AppIcon;
				DEVELOPMENT_TEAM = 4R5QVHEW22;
				INFOPLIST_FILE = myChat/Info.plist;
				LD_RUNPATH_SEARCH_PATHS = "$(inherited) @executable_path/Frameworks";
				PRODUCT_BUNDLE_IDENTIFIER = lin.david.myChat;
				PRODUCT_NAME = "$(TARGET_NAME)";
				SWIFT_VERSION = 3.0;
			};
			name = Release;
		};
		189BB2271F36C08500074D14 /* Debug */ = {
			isa = XCBuildConfiguration;
			baseConfigurationReference = 9A6ECD496C079B656D2FB109 /* Pods-myChatTests.debug.xcconfig */;
			buildSettings = {
				ALWAYS_EMBED_SWIFT_STANDARD_LIBRARIES = "$(inherited)";
				BUNDLE_LOADER = "$(TEST_HOST)";
				DEVELOPMENT_TEAM = 4R5QVHEW22;
				INFOPLIST_FILE = myChatTests/Info.plist;
				LD_RUNPATH_SEARCH_PATHS = "$(inherited) @executable_path/Frameworks @loader_path/Frameworks";
				PRODUCT_BUNDLE_IDENTIFIER = lin.david.myChatTests;
				PRODUCT_NAME = "$(TARGET_NAME)";
				SWIFT_VERSION = 3.0;
				TEST_HOST = "$(BUILT_PRODUCTS_DIR)/myChat.app/myChat";
			};
			name = Debug;
		};
		189BB2281F36C08500074D14 /* Release */ = {
			isa = XCBuildConfiguration;
			baseConfigurationReference = 9C11A49D08EA5626EB486316 /* Pods-myChatTests.release.xcconfig */;
			buildSettings = {
				ALWAYS_EMBED_SWIFT_STANDARD_LIBRARIES = "$(inherited)";
				BUNDLE_LOADER = "$(TEST_HOST)";
				DEVELOPMENT_TEAM = 4R5QVHEW22;
				INFOPLIST_FILE = myChatTests/Info.plist;
				LD_RUNPATH_SEARCH_PATHS = "$(inherited) @executable_path/Frameworks @loader_path/Frameworks";
				PRODUCT_BUNDLE_IDENTIFIER = lin.david.myChatTests;
				PRODUCT_NAME = "$(TARGET_NAME)";
				SWIFT_VERSION = 3.0;
				TEST_HOST = "$(BUILT_PRODUCTS_DIR)/myChat.app/myChat";
			};
			name = Release;
		};
		189BB22A1F36C08500074D14 /* Debug */ = {
			isa = XCBuildConfiguration;
			buildSettings = {
				ALWAYS_EMBED_SWIFT_STANDARD_LIBRARIES = YES;
				DEVELOPMENT_TEAM = 4R5QVHEW22;
				INFOPLIST_FILE = myChatUITests/Info.plist;
				LD_RUNPATH_SEARCH_PATHS = "$(inherited) @executable_path/Frameworks @loader_path/Frameworks";
				PRODUCT_BUNDLE_IDENTIFIER = lin.david.myChatUITests;
				PRODUCT_NAME = "$(TARGET_NAME)";
				SWIFT_VERSION = 3.0;
				TEST_TARGET_NAME = myChat;
			};
			name = Debug;
		};
		189BB22B1F36C08500074D14 /* Release */ = {
			isa = XCBuildConfiguration;
			buildSettings = {
				ALWAYS_EMBED_SWIFT_STANDARD_LIBRARIES = YES;
				DEVELOPMENT_TEAM = 4R5QVHEW22;
				INFOPLIST_FILE = myChatUITests/Info.plist;
				LD_RUNPATH_SEARCH_PATHS = "$(inherited) @executable_path/Frameworks @loader_path/Frameworks";
				PRODUCT_BUNDLE_IDENTIFIER = lin.david.myChatUITests;
				PRODUCT_NAME = "$(TARGET_NAME)";
				SWIFT_VERSION = 3.0;
				TEST_TARGET_NAME = myChat;
			};
			name = Release;
		};
/* End XCBuildConfiguration section */

/* Begin XCConfigurationList section */
		189BB1F61F36C08500074D14 /* Build configuration list for PBXProject "myChat" */ = {
			isa = XCConfigurationList;
			buildConfigurations = (
				189BB2211F36C08500074D14 /* Debug */,
				189BB2221F36C08500074D14 /* Release */,
			);
			defaultConfigurationIsVisible = 0;
			defaultConfigurationName = Release;
		};
		189BB2231F36C08500074D14 /* Build configuration list for PBXNativeTarget "myChat" */ = {
			isa = XCConfigurationList;
			buildConfigurations = (
				189BB2241F36C08500074D14 /* Debug */,
				189BB2251F36C08500074D14 /* Release */,
			);
			defaultConfigurationIsVisible = 0;
			defaultConfigurationName = Release;
		};
		189BB2261F36C08500074D14 /* Build configuration list for PBXNativeTarget "myChatTests" */ = {
			isa = XCConfigurationList;
			buildConfigurations = (
				189BB2271F36C08500074D14 /* Debug */,
				189BB2281F36C08500074D14 /* Release */,
			);
			defaultConfigurationIsVisible = 0;
			defaultConfigurationName = Release;
		};
		189BB2291F36C08500074D14 /* Build configuration list for PBXNativeTarget "myChatUITests" */ = {
			isa = XCConfigurationList;
			buildConfigurations = (
				189BB22A1F36C08500074D14 /* Debug */,
				189BB22B1F36C08500074D14 /* Release */,
			);
			defaultConfigurationIsVisible = 0;
			defaultConfigurationName = Release;
		};
/* End XCConfigurationList section */
	};
	rootObject = 189BB1F31F36C08500074D14 /* Project object */;
}
